
Microsoft Visual Studio Solution File, Format Version 12.00
# Visual Studio Version 17
VisualStudioVersion = 17.5.002.0
MinimumVisualStudioVersion = 10.0.40219.1
Project("{9A19103F-16F7-4668-BE54-9A1E7A4F7556}") = "Uppgift2", "Uppgift2.csproj", "{1BCF4E91-6F45-4598-8404-0BF9D9B6F173}"
EndProject
Global
	GlobalSection(SolutionConfigurationPlatforms) = preSolution
		Debug|Any CPU = Debug|Any CPU
		Release|Any CPU = Release|Any CPU
	EndGlobalSection
	GlobalSection(ProjectConfigurationPlatforms) = postSolution
		{1BCF4E91-6F45-4598-8404-0BF9D9B6F173}.Debug|Any CPU.ActiveCfg = Debug|Any CPU
		{1BCF4E91-6F45-4598-8404-0BF9D9B6F173}.Debug|Any CPU.Build.0 = Debug|Any CPU
		{1BCF4E91-6F45-4598-8404-0BF9D9B6F173}.Release|Any CPU.ActiveCfg = Release|Any CPU
		{1BCF4E91-6F45-4598-8404-0BF9D9B6F173}.Release|Any CPU.Build.0 = Release|Any CPU
	EndGlobalSection
	GlobalSection(SolutionProperties) = preSolution
		HideSolutionNode = FALSE
	EndGlobalSection
	GlobalSection(ExtensibilityGlobals) = postSolution
		SolutionGuid = {46B2120A-02DF-44D4-8C67-29E0268AE677}
	EndGlobalSection
EndGlobal
